Microsoft Visual Studio Solution File, Format Version 12.00
# Visual Studio 2012
Project("{FAE04EC0-301F-11D3-BF4B-00C04F79EFBC}") = "2d Surviors Course", "2d Surviors Course.csproj", "{85385D35-2741-4AD7-9635-C50DA6B1D31E}"
EndProject
Global
	GlobalSection(SolutionConfigurationPlatforms) = preSolution
	Debug|Any CPU = Debug|Any CPU
	ExportDebug|Any CPU = ExportDebug|Any CPU
	ExportRelease|Any CPU = ExportRelease|Any CPU
	EndGlobalSection
	GlobalSection(ProjectConfigurationPlatforms) = postSolution
		{85385D35-2741-4AD7-9635-C50DA6B1D31E}.Debug|Any CPU.ActiveCfg = Debug|Any CPU
		{85385D35-2741-4AD7-9635-C50DA6B1D31E}.Debug|Any CPU.Build.0 = Debug|Any CPU
		{85385D35-2741-4AD7-9635-C50DA6B1D31E}.ExportDebug|Any CPU.ActiveCfg = ExportDebug|Any CPU
		{85385D35-2741-4AD7-9635-C50DA6B1D31E}.ExportDebug|Any CPU.Build.0 = ExportDebug|Any CPU
		{85385D35-2741-4AD7-9635-C50DA6B1D31E}.ExportRelease|Any CPU.ActiveCfg = ExportRelease|Any CPU
		{85385D35-2741-4AD7-9635-C50DA6B1D31E}.ExportRelease|Any CPU.Build.0 = ExportRelease|Any CPU
	EndGlobalSection
EndGlobal
